
Microsoft Visual Studio Solution File, Format Version 12.00
# Visual Studio Version 17
VisualStudioVersion = 17.5.002.0
MinimumVisualStudioVersion = 10.0.40219.1
Project("{9A19103F-16F7-4668-BE54-9A1E7A4F7556}") = "lab5", "lab5.csproj", "{CF73C3BF-726E-4F41-9823-CAADE4CEDC76}"
EndProject
Global
	GlobalSection(SolutionConfigurationPlatforms) = preSolution
		Debug|Any CPU = Debug|Any CPU
		Release|Any CPU = Release|Any CPU
	EndGlobalSection
	GlobalSection(ProjectConfigurationPlatforms) = postSolution
		{CF73C3BF-726E-4F41-9823-CAADE4CEDC76}.Debug|Any CPU.ActiveCfg = Debug|Any CPU
		{CF73C3BF-726E-4F41-9823-CAADE4CEDC76}.Debug|Any CPU.Build.0 = Debug|Any CPU
		{CF73C3BF-726E-4F41-9823-CAADE4CEDC76}.Release|Any CPU.ActiveCfg = Release|Any CPU
		{CF73C3BF-726E-4F41-9823-CAADE4CEDC76}.Release|Any CPU.Build.0 = Release|Any CPU
	EndGlobalSection
	GlobalSection(SolutionProperties) = preSolution
		HideSolutionNode = FALSE
	EndGlobalSection
	GlobalSection(ExtensibilityGlobals) = postSolution
		SolutionGuid = {8200AD90-3E91-42FA-BEFA-02EF35AFBCA3}
	EndGlobalSection
EndGlobal
